version = 2
project = "pgpool"
ir_kind = "td"
td_path = "apps/pgpool/tech-design"
generated_at = "2026-07-09T10:09:11.946015+00:00"
digest = "sha256:145fe96af5b6f3e57b1634e5936e8428f4c29eeefada7168843155473a211b81"
source_digest = "sha256:145fe96af5b6f3e57b1634e5936e8428f4c29eeefada7168843155473a211b81"
ir_digest = "sha256:b4b3b6e7362fb422f721128ad734cbcf968ee4e96ae3cc368e998eff7096e1b5"

[[files]]
path = "logic/backend-pool-connection-reuse-and-transaction-session-pool-modes.md"
digest = "sha256:d2f5f44f314423c45921a5dc9bd61a8d7ad9d1e93146aff664a8c0ed67fc65b5"
ir_digest = "sha256:64e071dc34569e6c3ac1b3eb1e382497f6d1a5a17b3a1ea4216b6b0d68ff8ab8"
section_count = 5

[[files]]
path = "logic/pg-wire-message-codec-frontend-backend-frames.md"
digest = "sha256:57eff20ef4dffb83799bb164163b27f3ed6d089b3fdb1d3f6f8edfeb2354a0c6"
ir_digest = "sha256:960d2f9162deae0cd1bbb5faf2db04edf33593b2228e057304a85b4fa82876c5"
section_count = 5

[[files]]
path = "logic/served-admin-plane-with-drain-aware-readiness.md"
digest = "sha256:dbf747ff20af9a4932d50e08b4eadf85ebfb31a4adb26ee45c8735b5f937d274"
ir_digest = "sha256:fabe1aae0886a966d29cf6fc22de5792c13b72d4544c2771ce7268ec689659f1"
section_count = 6

[[files]]
path = "logic/session-mode-proxy-with-auth-passthrough-and-serve-entrypoint.md"
digest = "sha256:5815a9253c5ef0577529d12703f63f9767f82c35305cd842e67803158919399d"
ir_digest = "sha256:a7cf1214ff219926275cc17650e46b74ea4c0cec5bed326d30ba87ac414a804c"
section_count = 5
