version = 2
project = "pgpool"
ir_kind = "td"
td_path = "apps/pgpool/tech-design"
generated_at = "2026-07-17T17:05:39.519053+00:00"
digest = "sha256:fe6da7109401407351f04bf71c0140b2ff6ca6204ff60270dc64ce4de72f0cd9"
source_digest = "sha256:fe6da7109401407351f04bf71c0140b2ff6ca6204ff60270dc64ce4de72f0cd9"
ir_digest = "sha256:1c294be7a5f3ca61fb9d2d6143701f683edec6cdc0e1c16b28155769687d940e"

[[files]]
path = "generate/build-rs-source.md"
digest = "sha256:007eb98f3b304cdcd37ed4caa3a46bc56295cde89cbee4798c46691e78d79791"
ir_digest = "sha256:d94fa250b5e0f441077caf909a7480f2d2c426d3dda6b4d7cc6c1dfed210495e"
section_count = 2

[[files]]
path = "interfaces/cli/reactor-bootstrap-failure-disconnects-waiting-clients-legacy-eng.md"
digest = "sha256:ca00190c0333553bc7850f461889ef83f445693b067a9845cf02f93a8e66da06"
ir_digest = "sha256:65a58ffc00bb1e43f87df8b45ffb24732263f83551f98e3a0337a21e52c79a0c"
section_count = 3

[[files]]
path = "interfaces/rest/admin-control-plane-hygiene-batch-prometheus-label-escaping-stat.md"
digest = "sha256:b682fbd1eb68f734965981e96388d37f238c76f6e69127b147aaecc248740c70"
ir_digest = "sha256:aa17ab15d5675708c01fffb3e4596daf53e3bd7e7b7955121083a42c9fe49a38"
section_count = 3

[[files]]
path = "interfaces/rest/mark-transaction-extended-protocol-regression-test-source-manage.md"
digest = "sha256:729ce1d687e981ac352e47ba036cb335e73c5ee64f376713146b59c062cd0bb2"
ir_digest = "sha256:ee115fd692181c33b3b37c7e28ca6995a4d2babb1a965ad6efcd2ac65022bb0a"
section_count = 3

[[files]]
path = "interfaces/rest/p0-make-pgbouncer-reset-benchmark-contract-executable.md"
digest = "sha256:e278b719cb602c42fad54ba035e31e814ba05fcea4b551c3ccb3a3836e47df55"
ir_digest = "sha256:5b003795efc2650be3eb0fcd03f2aee9353c41ea5bacfb17a19d3fd02aef9279"
section_count = 3

[[files]]
path = "interfaces/rest/transaction-mode-hangs-on-extended-query-protocol-fail-fast-with.md"
digest = "sha256:b16d6b9b446be8ef45f39e3a8529ede6ad3831f2092c0aad019ee26df8ffaf26"
ir_digest = "sha256:b78e8936b27e2a23fc3a472eb2499ad052dd20e7727ebde09eeef7650e660518"
section_count = 3

[[files]]
path = "interfaces/rest/wire-decoders-cover-only-9-backend-tags-copy-notify-extended-emp.md"
digest = "sha256:0726a2b20486da76cc8821532f67f29300597c5a88ba7fe692ed6d44cad45213"
ir_digest = "sha256:cb80168b3a9a0e37c5b0e4090581cccce71c9c09e6e4f3a0de2cd6510eca8668"
section_count = 3

[[files]]
path = "logic/admit-scale-ignores-outstanding-reserve-grants-static-reserve-ca.md"
digest = "sha256:5aae9b6d1dbdf92bdd80e935b20937d03529df7638c172ea81a3333c78e688a5"
ir_digest = "sha256:bf6a8586a6369d50d95320e0dfeccab9c24eaec9b60bc68d13edc10c9fa77ad3"
section_count = 3

[[files]]
path = "logic/adopt-shared-labeled-prometheus-metrics-encoder.md"
digest = "sha256:56c6f9c72cd38afe400a4589b728014fc4c0e93c555217c01a54723099d4b29f"
ir_digest = "sha256:b28403033987f04d30350bb221bedc264e89fb7d8f130a6395ea4ae51c3b0dcb"
section_count = 3

[[files]]
path = "logic/backend-pool-connection-reuse-and-transaction-session-pool-modes.md"
digest = "sha256:71c7c41a4e40939d83f0ccfce30da3f801d1f0921cc56c9d3183ecccb41603b3"
ir_digest = "sha256:390a2958590dd786acc5e1a6735b388a46b141d395a65a752097715ec8d16d2b"
section_count = 6

[[files]]
path = "logic/control-plane-pods-map-keyed-by-name-only-cross-endpoint-admissi.md"
digest = "sha256:37256aa8d72944909a02a11316bc8d8f91b5d27ea8cac6c4c6d1cba0b4a9fa2e"
ir_digest = "sha256:d1a33181291a42d2a569d34a84418454acef493fb92dc01609eb2cf32cf2ca51"
section_count = 3

[[files]]
path = "logic/converge-deployment-provider-and-reconcile-planning-on-service-k.md"
digest = "sha256:947081b8b8cf129409497fab01f1efb943fc10428d43eef38d9dc1cebb797fcd"
ir_digest = "sha256:0d81a6729df2f0bb4685c4055bf1c390ec1549c4b12de14a389bfe4843134e36"
section_count = 3

[[files]]
path = "logic/cr-status-reports-fabricated-pod-identities-unenacted-drain-phas.md"
digest = "sha256:bacf944b43c2fb07a9ab54b9a03508caf9ab5c6e0673473a19e7782c94c4ca3a"
ir_digest = "sha256:060d600d522a7208079f29a41e4e75bdd8b30c53a781a7ba88a8b46c8e9dd53e"
section_count = 3

[[files]]
path = "logic/discovery-counts-pgpool-s-own-backends-as-non-pgpool-usage-busy.md"
digest = "sha256:a94ba4a126ff599009276ba1fb343ec1a804c0a16585e61ffd307f454a2acc19"
ir_digest = "sha256:ff4830e0468eebbc85ddbc81e113528999f7abfccda839455f4057e472d661a0"
section_count = 3

[[files]]
path = "logic/discovery-hardcodes-notls-cloudsql-alloydb-provider-crs-are-perm.md"
digest = "sha256:0845a26fb663bd88544c3e061260637f268edbe79b8a70f9d5aaed818ad3dbd7"
ir_digest = "sha256:b7451406db5b1a53965c272396178608d33504d1a7ea121cf1a538e1e8f0f55d"
section_count = 3

[[files]]
path = "logic/expired-reactor-waiter-stays-in-reactorstate-and-can-be-assigned.md"
digest = "sha256:e7162c0dac14c14466d810b41877017a220818bc6b7a5609e884d92597fbeef3"
ir_digest = "sha256:44d543abbc5979482b1c45ffe7510d868edd297f88fc084684eb8f818648e144"
section_count = 3

[[files]]
path = "logic/hand-reset-clean-backend-directly-to-a-reusable-waiter.md"
digest = "sha256:453eb6c4df2286fcc31ab6b36aa910f0e71b0f65d2e63c19371a07d2055233e2"
ir_digest = "sha256:2de1cf551c83ca5d16ca75c18b6fa25c3a791e715a24a20ee5b2a748bb1364a2"
section_count = 3

[[files]]
path = "logic/make-held-backend-discovery-regression-query-ready.md"
digest = "sha256:2987574837d403d9c825557b8047f7506daf1e6a0bdae78543d21deabf0481d8"
ir_digest = "sha256:03b793f3cd61631b744a2e294dde25e4114b16c375f6c51a9245897cd406e242"
section_count = 3

[[files]]
path = "logic/move-backend-capacity-ownership-into-lease-tokens.md"
digest = "sha256:ed6b9f0ae2ce1ae001e79ffde8fe408cc3680cef0680d04c6dbf21140ca583bf"
ir_digest = "sha256:7fd279078c7853fd33ab84c3ca3b49f718a9ab31de94a9a91cb756e78aae0d56"
section_count = 3

[[files]]
path = "logic/p0-centralize-saturated-capacity-deadlines-into-a-fifo-scheduler.md"
digest = "sha256:7214b3a3cd2ec792229d7a6f74fc93f5277befb528284daadb3511887eb023c7"
ir_digest = "sha256:8247ae6fb5cf34633a049b1600ca5a12e98dedb029cd81682906c86c82b4fddb"
section_count = 3

[[files]]
path = "logic/p0-dense-buffer-readiness-reactor.md"
digest = "sha256:d130038fa993be2e257529b77debb704866f1884681dbc548a1151860e6afc8c"
ir_digest = "sha256:d6f8f2af9ae994ca6c58ae5187051a530ea92602310d314bfc54b61a9842c4da"
section_count = 3

[[files]]
path = "logic/p0-detach-backend-reset-from-transaction-frontend-path.md"
digest = "sha256:6f94c89805a413d209d4cc9e0ebd3dcd4699f78ebf2bd95c0728ea47fd1238c8"
ir_digest = "sha256:931c095ff4cd74b6c0394682a510cb26858b7ccda8847f3545c0413418fe99f7"
section_count = 3

[[files]]
path = "logic/p0-encode-discard-all-reset-frame-without-per-release-allocation.md"
digest = "sha256:741705f3d59fd696b42c626c93da1af4e6c008f7cecc44311e141cf1591f5dd7"
ir_digest = "sha256:5b2f56e095cec82b8db5b24155249c9ceb4025956ee16ec4ec557ff0dda0ca19"
section_count = 3

[[files]]
path = "logic/p0-evaluate-current-thread-tokio-runtime-scheduler.md"
digest = "sha256:a5d2b98833334f0ca358e5b70970df9b2ac3fcc48b27d5ac6b2eea7150e5b6c8"
ir_digest = "sha256:b435b91fe89c1ec1697adf5cba130b3447c50975b0f738b7db3773d27935e784"
section_count = 3

[[files]]
path = "logic/p0-evaluate-one-worker-tokio-runtime-locality.md"
digest = "sha256:94d9c1829bc1cdaaf926147a892805d23c14100f9c3a2d39fc8ff88b764d0c92"
ir_digest = "sha256:b235bf6b7b1603b6d6d2a4468548b33b8b01ea34210fd49d4750dba4388a9c41"
section_count = 3

[[files]]
path = "logic/p0-evaluate-two-worker-tokio-runtime-locality.md"
digest = "sha256:eb194b4b4656ec25911e6f8fdec8adb4f3b5c94ca320c4110a1d1a61da1c916a"
ir_digest = "sha256:82ffb861b19151c764bbf56d2016821ffbccf7c06cce4308e8432f62bb8883ee"
section_count = 3

[[files]]
path = "logic/p0-forward-buffered-backend-relay-frames-with-writev.md"
digest = "sha256:8f3d173ad0c19dff15fb9e47dfff03830190482413c405ad26427137ad264aa7"
ir_digest = "sha256:7f75392fa05cf4514a8f200b47d7a9455c1149e1bc90057f47e5b85f8f90edfe"
section_count = 3

[[files]]
path = "logic/p0-gate-idle-liveness-peek-on-tokio-readability.md"
digest = "sha256:2b317eaa102d5c7a66b559a2873df07a870fd5501a00b40bd4da5b65a74c8d69"
ir_digest = "sha256:70e8e1f39cb352db2e8820b3bbc30df03b8392082f3286740b98d47c2e73714e"
section_count = 3

[[files]]
path = "logic/p0-hand-off-one-backend-capacity-waiter-per-release.md"
digest = "sha256:eadf5b7900c68723265736ab64e822bb415dc0f39fff86d99ba184d2d19a3596"
ir_digest = "sha256:b226ef814190c6d9a25fa02d58219df333657eb67663d47302ccf2093a42ea81"
section_count = 3

[[files]]
path = "logic/p0-lease-reserve-connections-after-bounded-transaction-pool-wait.md"
digest = "sha256:c7a22379c50ae9da7ef2519d28df92154d9f56cdc904aa4115081bc4897e8fbe"
ir_digest = "sha256:5685c80f91df50bfb5571767eb7a04f2dd08e41651abbec6fae524ae144ee44c"
section_count = 3

[[files]]
path = "logic/p0-read-postgresql-relay-bytes-directly-into-framereader-buffer.md"
digest = "sha256:ed847420923d903f6960352d45422f4129b053994f3b61614811c0f66639b077"
ir_digest = "sha256:de4adbf8e482168ef8fbd080b6def0ec06e47c6973f56f8aad6293565bebd7a6"
section_count = 3

[[files]]
path = "logic/p0-relay-backend-response-before-reading-next-frontend-frame.md"
digest = "sha256:01e6c915c9429f681c14ceb5a35ea5e539219a96d121171a9b570d5c0f567309"
ir_digest = "sha256:bd614b30dd3d798f93b3605dc07ab21ec72dafad3a9df30eb1d30f83363d9f6e"
section_count = 0

[[files]]
path = "logic/p0-replace-idle-liveness-timer-with-nonblocking-socket-peek.md"
digest = "sha256:b7482af6668a69341be9dab382dd826a8d820c0e1a62eb0b23204e9728cc6f21"
ir_digest = "sha256:8ed9953f988700f4340d6691073198d3c5807d881f787b9dfd4d95383e5cf7e2"
section_count = 3

[[files]]
path = "logic/p0-retain-framereader-with-each-physical-backend-connection.md"
digest = "sha256:5752bc632c59d89bf7a6c05bb7b3fed44a25fafcc8b2aa4e2d270c52acdbfa64"
ir_digest = "sha256:a2d92dc5b6c2a2dcbc532333242bd657a5a1ad513d27d4895bc75ce4b54ef688"
section_count = 3

[[files]]
path = "logic/p0-reuse-one-acquire-deadline-timer-across-saturated-notify-retr.md"
digest = "sha256:be365a5686bb17642d17a5ace1e1e120758abe1688774827fe9dada88b303727"
ir_digest = "sha256:d562b684c63c75bb676d17855b6393d0810a6faf24ca65a8188d65c45213d224"
section_count = 3

[[files]]
path = "logic/p0-reuse-transaction-backend-framereader-for-reset-response.md"
digest = "sha256:e1b877a921fc208688897f7d0d019858892e6e69d4aac03cdaf419f5e0286679"
ir_digest = "sha256:464b55c04f8a2aa050bd78439fffebcbfd5f208f03bd8cee0c30fc2d903cc788"
section_count = 3

[[files]]
path = "logic/p0-tune-one-worker-tokio-event-polling-interval.md"
digest = "sha256:d1eba41999cea22ed8330feb158eeb5e01ed05458d0c889e81146fce5ba595cd"
ir_digest = "sha256:2eb3c4c7ea36f021ba99c74a55bf86eb4543850dc36b5d462cf18f395ce8bfc5"
section_count = 3

[[files]]
path = "logic/p0-tune-tokio-worker-count-for-transaction-relay-throughput.md"
digest = "sha256:d74e4f4ed185ff7df01981fde4833adbf1366801896e78adea7ccae4279e5eb1"
ir_digest = "sha256:5b12d448cf35ff05a6636c14adb4b1078a028e48a30923f5278f6eb7d3b79b95"
section_count = 3

[[files]]
path = "logic/p0-use-tokio-multi-thread-runtime-for-concurrent-proxy-relays.md"
digest = "sha256:497753641a4198eb028b0b5b2df1c798a5e5b2d0adeb9681616fe6c82448087d"
ir_digest = "sha256:8a1e7a3623d0cfbfaf20bfd594e0dc64ad590a4aeb5821072470d00c77e2b04b"
section_count = 3

[[files]]
path = "logic/pg-wire-message-codec-frontend-backend-frames.md"
digest = "sha256:391c825411a73ae2aedf6a3110385677293b744be019070fe5b5fd33ec3c1c19"
ir_digest = "sha256:212a685300ce17afa55c1ef149a122e89ead249f451790bc8db482075d981cac"
section_count = 6

[[files]]
path = "logic/pgbouncer-transaction-pooling-benchmark.md"
digest = "sha256:b8670766ddd9428292ac8b3abcd8e4cf5682c94fbd65907093c8166f793131d6"
ir_digest = "sha256:1acc7692a35dd52bfd64d608619871874b972781ad9f529a6de107de3825575e"
section_count = 3

[[files]]
path = "logic/pgpool-reserve-ms-flags-floor-divide-to-seconds-500ms-silently-b.md"
digest = "sha256:c3982964d134de87cfcf590da6f58e6ab08d0253710deb6ec7a5d7de41709796"
ir_digest = "sha256:44703ec11acca3edecb1140bdba8719e8924fff1da78e935401e672ec4156a8b"
section_count = 3

[[files]]
path = "logic/prestop-hook-uses-httpget-against-post-only-drain-drain-before-s.md"
digest = "sha256:a7b9ddce6cab92b63641d1524ca3d3fc60bd98f62b5a2d85f93f6c59e033386b"
ir_digest = "sha256:497b507db36cee472a7bd81285bf2dafcdfb0ba4fc37071a82a1de7dce1800ed"
section_count = 3

[[files]]
path = "logic/prove-managed-discovery-against-tls-required-postgresql.md"
digest = "sha256:ff1d0ec36b7428b25732d6cdda6a49209f8d982f5fdcb85fa2ef8953fa1a51c6"
ir_digest = "sha256:9a1f38b03b3657dee43a9cadefd6700fc4037a2936fc011b83ec5323a883e985"
section_count = 3

[[files]]
path = "logic/reactor-never-re-parses-buffered-frames-on-mode-transition-pipel.md"
digest = "sha256:d43c2106add6744746a1975d509cac7c4a8db45c1dbf44c640a8f586c2b8c014"
ir_digest = "sha256:430f563a463d7d3dc0e36b0dba44ff263ec493a394e16c49974af1d66a0085b7"
section_count = 3

[[files]]
path = "logic/relay-transaction-backend-frames-opaque-except-readyforquery.md"
digest = "sha256:a1655e444e3435f280bfa59e24901ec9a021e89304f5efb8492bc1b036ad8aa6"
ir_digest = "sha256:e222eb7d8fa40710829200c58bbd7912155697e95b3cafc138d1538da11427b6"
section_count = 3

[[files]]
path = "logic/remove-zero-timeout-timer-from-idle-backend-liveness-probes.md"
digest = "sha256:b740a82b5e9e7526cfae7f13b0927d5f20ec0fb80a099b1a3e872135d04a1829"
ir_digest = "sha256:21a06782635f357a5fa5de969575fb90800603a6e83bbbbf90e29647ba238060"
section_count = 3

[[files]]
path = "logic/reuse-drained-transaction-framereader-for-reset-response.md"
digest = "sha256:0656a42227810836bcc1c93af0fe2fd6268862cbd5b1db660956a9491cb493b7"
ir_digest = "sha256:cd59d591575757a618eb3213181d5f372650b3f0e105553e68e59dc7e959e69d"
section_count = 3

[[files]]
path = "logic/serve-startup-races-on-the-drain-watch-channel-can-swallow-sigte.md"
digest = "sha256:4bc69c5f95b01cc76fa6688e6499cd94e8d604dc0782b698cdcd29496a69213e"
ir_digest = "sha256:5bba38b6d3ba8657aa5f8cfd0fe8d99957ecdba7d82d72ae65dcc93c028507c9"
section_count = 3

[[files]]
path = "logic/served-admin-plane-with-drain-aware-readiness.md"
digest = "sha256:f89160ddd7145efcf48b992dd8d79a9d1983393cfb238c239560f073aff4178c"
ir_digest = "sha256:f28ad23c5d6be84783dc2fa6a23883aebcce0af9fd91bb8a89a7706e737d9095"
section_count = 7

[[files]]
path = "logic/session-mode-proxy-with-auth-passthrough-and-serve-entrypoint.md"
digest = "sha256:f46883a7f503eb7110b27c1c041fb358f5a8e64e33dd7495e4cf227fbb793bb8"
ir_digest = "sha256:56081c9def3ac00f88b59676bb5bcf24812677402d6552a44df3e351d047bdfe"
section_count = 6

[[files]]
path = "logic/trust-startup-replay-for-capped-transaction-pooling.md"
digest = "sha256:9f97de95769d3529cfa74dbe485b6fe99beb315d78088a657b699d776476a993"
ir_digest = "sha256:069859cd4402a4b551cc4d40df2e0c5641d938c9d9a3f00718d6a20b4bdb9ce6"
section_count = 3

[[files]]
path = "logic/unchecked-terminationgraceperiodseconds-1000-lets-one-malformed.md"
digest = "sha256:1846b1bfbd2c17a76116d3894ffa8976a1617968924d00a6f10786c40aa80496"
ir_digest = "sha256:5727e50ca37bda54e3b6468b355113a18f44bb6ddd367253cd96f669bdf5ab4e"
section_count = 3

[[files]]
path = "semantic/pgpool-crd-operator-control-plane.md"
digest = "sha256:4b154897860c571c4abe145fd61208570f5a147e6d47fb6a597a03df0c7965cf"
ir_digest = "sha256:36e7c8594fed582781c5a50b456098826c602150f8c9d402af662c7e289edca2"
section_count = 3

[[files]]
path = "semantic/pgpool-drain-safe-control-plane-status.md"
digest = "sha256:7223ee4dd6c9fe94fc5dd583dcdee1dd949c2799a8ccbd69d150999b30282e39"
ir_digest = "sha256:09dc5eb89bde7450707d1fb6410c956fd464e25fd568ca666d4b2412ecae0dd5"
section_count = 3

[[files]]
path = "semantic/pgpool-global-endpoint-quota-allocation.md"
digest = "sha256:6752bd1e5fb378a3b76194815d26e177b703ab03c6f2ca6464abb0924ab317bd"
ir_digest = "sha256:bde24ba24f0496a3b65d8b565b4ce1a3463354df8e1ee3cc0fb613d0bfd21696"
section_count = 3

[[files]]
path = "semantic/pgpool-runtime-connection-limit-discovery.md"
digest = "sha256:857926bf170fd32c8c155ee1ce843bb141bfcef870b60fbafa63e5156727c6ce"
ir_digest = "sha256:3deb368c511d661a490e2e251c701895a455a40a604a114ca2f6bef1f44ade2f"
section_count = 3

[[files]]
path = "semantic/pgpool-stateless-deployment-instance.md"
digest = "sha256:133bb241e088fc676f79d7db6bb73573f1f28038bdf03ae843008f2060b50ad6"
ir_digest = "sha256:4ac1afec93ba07d776ad818c9447ba37fc275633a9ace786444737bd05cf13b2"
section_count = 3

[[files]]
path = "semantic/reactor-does-blocking-dns-on-the-readiness-thread-register-failu.md"
digest = "sha256:2fd3a3ea07683cbdef5a0f37b9fa49a37736a004f7881af669fcf833f0771e26"
ir_digest = "sha256:373a8f901fd8e69ad62b71f9fb97b6b8935ddab61ae801e22620e74422e39001"
section_count = 3

[[files]]
path = "validate/p0-relay-validated-contiguous-backend-buffer-without-frame-owner.md"
digest = "sha256:6cb2f8140c776fe8f755a62f332806de46667eb8a4dbf933d66310095ae8ab46"
ir_digest = "sha256:0c00adb18205b85a6b0e49d8a725e4e8c80794783d2b68115c76704229e37454"
section_count = 3
